// !$*UTF8*$!
{
	archiveVersion = 1;
	classes = {
	};
	objectVersion = 50;
	objects = {

/* Begin PBXBuildFile section */
		AF0B6A842684A87F00EC2685 /* UIDeviceOrientarion.swift in Sources */ = {isa = PBXBuildFile; fileRef = AF0B6A832684A87F00EC2685 /* UIDeviceOrientarion.swift */; };
		AF887D6326837B1000C9CC0A /* AppDelegate.swift in Sources */ = {isa = PBXBuildFile; fileRef = AF887D6226837B1000C9CC0A /* AppDelegate.swift */; };
		AF887D6526837B1000C9CC0A /* SceneDelegate.swift in Sources */ = {isa = PBXBuildFile; fileRef = AF887D6426837B1000C9CC0A /* SceneDelegate.swift */; };
		AF887D6726837B1000C9CC0A /* ViewController.swift in Sources */ = {isa = PBXBuildFile; fileRef = AF887D6626837B1000C9CC0A /* ViewController.swift */; };
		AF887D6A26837B1000C9CC0A /* Main.storyboard in Resources */ = {isa = PBXBuildFile; fileRef = AF887D6826837B1000C9CC0A /* Main.storyboard */; };
		AF887D6C26837B1200C9CC0A /* Assets.xcassets in Resources */ = {isa = PBXBuildFile; fileRef = AF887D6B26837B1200C9CC0A /* Assets.xcassets */; };
		AF887D6F26837B1200C9CC0A /* LaunchScreen.storyboard in Resources */ = {isa = PBXBuildFile; fileRef = AF887D6D26837B1200C9CC0A /* LaunchScreen.storyboard */; };
		AF887D8126838FB000C9CC0A /* handModel.mlmodel in Sources */ = {isa = PBXBuildFile; fileRef = AF887D8026838FB000C9CC0A /* handModel.mlmodel */; };
/* End PBXBuildFile section */

/* Begin PBXFileReference section */
		AF0B6A832684A87F00EC2685 /* UIDeviceOrientarion.swift */ = {isa = PBXFileReference; lastKnownFileType = sourcecode.swift; path = UIDeviceOrientarion.swift; sourceTree = "<group>"; };
		AF887D5F26837B1000C9CC0A /* MLChallenge.app */ = {isa = PBXFileReference; explicitFileType = wrapper.application; includeInIndex = 0; path = MLChallenge.app; sourceTree = BUILT_PRODUCTS_DIR; };
		AF887D6226837B1000C9CC0A /* AppDelegate.swift */ = {isa = PBXFileReference; lastKnownFileType = sourcecode.swift; path = AppDelegate.swift; sourceTree = "<group>"; };
		AF887D6426837B1000C9CC0A /* SceneDelegate.swift */ = {isa = PBXFileReference; lastKnownFileType = sourcecode.swift; path = SceneDelegate.swift; sourceTree = "<group>"; };
		AF887D6626837B1000C9CC0A /* ViewController.swift */ = {isa = PBXFileReference; lastKnownFileType = sourcecode.swift; path = ViewController.swift; sourceTree = "<group>"; };
		AF887D6926837B1000C9CC0A /* Base */ = {isa = PBXFileReference; lastKnownFileType = file.storyboard; name = Base; path = Base.lproj/Main.storyboard; sourceTree = "<group>"; };
		AF887D6B26837B1200C9CC0A /* Assets.xcassets */ = {isa = PBXFileReference; lastKnownFileType = folder.assetcatalog; path = Assets.xcassets; sourceTree = "<group>"; };
		AF887D6E26837B1200C9CC0A /* Base */ = {isa = PBXFileReference; lastKnownFileType = file.storyboard; name = Base; path = Base.lproj/LaunchScreen.storyboard; sourceTree = "<group>"; };
		AF887D7026837B1200C9CC0A /* Info.plist */ = {isa = PBXFileReference; lastKnownFileType = text.plist.xml; path = Info.plist; sourceTree = "<group>"; };
		AF887D8026838FB000C9CC0A /* handModel.mlmodel */ = {isa = PBXFileReference; lastKnownFileType = file.mlmodel; path = handModel.mlmodel; sourceTree = "<group>"; };
/* End PBXFileReference section */

/* Begin PBXFrameworksBuildPhase section */
		AF887D5C26837B1000C9CC0A /* Frameworks */ = {
			isa = PBXFrameworksBuildPhase;
			buildActionMask = 2147483647;
			files = (
			);
			runOnlyForDeploymentPostprocessing = 0;
		};
/* End PBXFrameworksBuildPhase section */

/* Begin PBXGroup section */
		AF0B6A822684A84C00EC2685 /* Extension */ = {
			isa = PBXGroup;
			children = (
				AF0B6A832684A87F00EC2685 /* UIDeviceOrientarion.swift */,
			);
			path = Extension;
			sourceTree = "<group>";
		};
		AF887D5626837B1000C9CC0A = {
			isa = PBXGroup;
			children = (
				AF887D6126837B1000C9CC0A /* MLChallenge */,
				AF887D6026837B1000C9CC0A /* Products */,
			);
			sourceTree = "<group>";
		};
		AF887D6026837B1000C9CC0A /* Products */ = {
			isa = PBXGroup;
			children = (
				AF887D5F26837B1000C9CC0A /* MLChallenge.app */,
			);
			name = Products;
			sourceTree = "<group>";
		};
		AF887D6126837B1000C9CC0A /* MLChallenge */ = {
			isa = PBXGroup;
			children = (
				AF0B6A822684A84C00EC2685 /* Extension */,
				AF887D7B26837C2100C9CC0A /* Shared */,
				AF887D7826837BB000C9CC0A /* MLModel */,
				AF887D7D26837C5200C9CC0A /* View */,
				AF887D7C26837C2E00C9CC0A /* Controller */,
				AF887D7026837B1200C9CC0A /* Info.plist */,
			);
			path = MLChallenge;
			sourceTree = "<group>";
		};
		AF887D7826837BB000C9CC0A /* MLModel */ = {
			isa = PBXGroup;
			children = (
				AF887D8026838FB000C9CC0A /* handModel.mlmodel */,
			);
			path = MLModel;
			sourceTree = "<group>";
		};
		AF887D7B26837C2100C9CC0A /* Shared */ = {
			isa = PBXGroup;
			children = (
				AF887D6B26837B1200C9CC0A /* Assets.xcassets */,
				AF887D6226837B1000C9CC0A /* AppDelegate.swift */,
				AF887D6426837B1000C9CC0A /* SceneDelegate.swift */,
			);
			path = Shared;
			sourceTree = "<group>";
		};
		AF887D7C26837C2E00C9CC0A /* Controller */ = {
			isa = PBXGroup;
			children = (
				AF887D6626837B1000C9CC0A /* ViewController.swift */,
			);
			path = Controller;
			sourceTree = "<group>";
		};
		AF887D7D26837C5200C9CC0A /* View */ = {
			isa = PBXGroup;
			children = (
				AF887D6D26837B1200C9CC0A /* LaunchScreen.storyboard */,
				AF887D6826837B1000C9CC0A /* Main.storyboard */,
			);
			path = View;
			sourceTree = "<group>";
		};
/* End PBXGroup section */

/* Begin PBXNativeTarget section */
		AF887D5E26837B1000C9CC0A /* MLChallenge */ = {
			isa = PBXNativeTarget;
			buildConfigurationList = AF887D7326837B1200C9CC0A /* Build configuration list for PBXNativeTarget "MLChallenge" */;
			buildPhases = (
				AF887D5B26837B1000C9CC0A /* Sources */,
				AF887D5C26837B1000C9CC0A /* Frameworks */,
				AF887D5D26837B1000C9CC0A /* Resources */,
			);
			buildRules = (
			);
			dependencies = (
			);
			name = MLChallenge;
			productName = MLChallenge;
			productReference = AF887D5F26837B1000C9CC0A /* MLChallenge.app */;
			productType = "com.apple.product-type.application";
		};
/* End PBXNativeTarget section */

/* Begin PBXProject section */
		AF887D5726837B1000C9CC0A /* Project object */ = {
			isa = PBXProject;
			attributes = {
				LastSwiftUpdateCheck = 1250;
				LastUpgradeCheck = 1250;
				TargetAttributes = {
					AF887D5E26837B1000C9CC0A = {
						CreatedOnToolsVersion = 12.5;
					};
				};
			};
			buildConfigurationList = AF887D5A26837B1000C9CC0A /* Build configuration list for PBXProject "MLChallenge" */;
			compatibilityVersion = "Xcode 9.3";
			developmentRegion = en;
			hasScannedForEncodings = 0;
			knownRegions = (
				en,
				Base,
			);
			mainGroup = AF887D5626837B1000C9CC0A;
			productRefGroup = AF887D6026837B1000C9CC0A /* Products */;
			projectDirPath = "";
			projectRoot = "";
			targets = (
				AF887D5E26837B1000C9CC0A /* MLChallenge */,
			);
		};
/* End PBXProject section */

/* Begin PBXResourcesBuildPhase section */
		AF887D5D26837B1000C9CC0A /* Resources */ = {
			isa = PBXResourcesBuildPhase;
			buildActionMask = 2147483647;
			files = (
				AF887D6F26837B1200C9CC0A /* LaunchScreen.storyboard in Resources */,
				AF887D6C26837B1200C9CC0A /* Assets.xcassets in Resources */,
				AF887D6A26837B1000C9CC0A /* Main.storyboard in Resources */,
			);
			runOnlyForDeploymentPostprocessing = 0;
		};
/* End PBXResourcesBuildPhase section */

/* Begin PBXSourcesBuildPhase section */
		AF887D5B26837B1000C9CC0A /* Sources */ = {
			isa = PBXSourcesBuildPhase;
			buildActionMask = 2147483647;
			files = (
				AF0B6A842684A87F00EC2685 /* UIDeviceOrientarion.swift in Sources */,
				AF887D8126838FB000C9CC0A /* handModel.mlmodel in Sources */,
				AF887D6726837B1000C9CC0A /* ViewController.swift in Sources */,
				AF887D6326837B1000C9CC0A /* AppDelegate.swift in Sources */,
				AF887D6526837B1000C9CC0A /* SceneDelegate.swift in Sources */,
			);
			runOnlyForDeploymentPostprocessing = 0;
		};
/* End PBXSourcesBuildPhase section */

/* Begin PBXVariantGroup section */
		AF887D6826837B1000C9CC0A /* Main.storyboard */ = {
			isa = PBXVariantGroup;
			children = (
				AF887D6926837B1000C9CC0A /* Base */,
			);
			name = Main.storyboard;
			sourceTree = "<group>";
		};
		AF887D6D26837B1200C9CC0A /* LaunchScreen.storyboard */ = {
			isa = PBXVariantGroup;
			children = (
				AF887D6E26837B1200C9CC0A /* Base */,
			);
			name = LaunchScreen.storyboard;
			sourceTree = "<group>";
		};
/* End PBXVariantGroup section */

/* Begin XCBuildConfiguration section */
		AF887D7126837B1200C9CC0A /* Debug */ = {
			isa = XCBuildConfiguration;
			buildSettings = {
				ALWAYS_SEARCH_USER_PATHS = NO;
				CLANG_ANALYZER_NONNULL = YES;
				CLANG_ANALYZER_NUMBER_OBJECT_CONVERSION = YES_AGGRESSIVE;
				CLANG_CXX_LANGUAGE_STANDARD = "gnu++14";
				CLANG_CXX_LIBRARY = "libc++";
				CLANG_ENABLE_MODULES = YES;
				CLANG_ENABLE_OBJC_ARC = YES;
				CLANG_ENABLE_OBJC_WEAK = YES;
				CLANG_WARN_BLOCK_CAPTURE_AUTORELEASING = YES;
				CLANG_WARN_BOOL_CONVERSION = YES;
				CLANG_WARN_COMMA = YES;
				CLANG_WARN_CONSTANT_CONVERSION = YES;
				CLANG_WARN_DEPRECATED_OBJC_IMPLEMENTATIONS = YES;
				CLANG_WARN_DIRECT_OBJC_ISA_USAGE = YES_ERROR;
				CLANG_WARN_DOCUMENTATION_COMMENTS = YES;
				CLANG_WARN_EMPTY_BODY = YES;
				CLANG_WARN_ENUM_CONVERSION = YES;
				CLANG_WARN_INFINITE_RECURSION = YES;
				CLANG_WARN_INT_CONVERSION = YES;
				CLANG_WARN_NON_LITERAL_NULL_CONVERSION = YES;
				CLANG_WARN_OBJC_IMPLICIT_RETAIN_SELF = YES;
				CLANG_WARN_OBJC_LITERAL_CONVERSION = YES;
				CLANG_WARN_OBJC_ROOT_CLASS = YES_ERROR;
				CLANG_WARN_QUOTED_INCLUDE_IN_FRAMEWORK_HEADER = YES;
				CLANG_WARN_RANGE_LOOP_ANALYSIS = YES;
				CLANG_WARN_STRICT_PROTOTYPES = YES;
				CLANG_WARN_SUSPICIOUS_MOVE = YES;
				CLANG_WARN_UNGUARDED_AVAILABILITY = YES_AGGRESSIVE;
				CLANG_WARN_UNREACHABLE_CODE = YES;
				CLANG_WARN__DUPLICATE_METHOD_MATCH = YES;
				COPY_PHASE_STRIP = NO;
				DEBUG_INFORMATION_FORMAT = dwarf;
				ENABLE_STRICT_OBJC_MSGSEND = YES;
				ENABLE_TESTABILITY = YES;
				GCC_C_LANGUAGE_STANDARD = gnu11;
				GCC_DYNAMIC_NO_PIC = NO;
				GCC_NO_COMMON_BLOCKS = YES;
				GCC_OPTIMIZATION_LEVEL = 0;
				GCC_PREPROCESSOR_DEFINITIONS = (
					"DEBUG=1",
					"$(inherited)",
				);
				GCC_WARN_64_TO_32_BIT_CONVERSION = YES;
				GCC_WARN_ABOUT_RETURN_TYPE = YES_ERROR;
				GCC_WARN_UNDECLARED_SELECTOR = YES;
				GCC_WARN_UNINITIALIZED_AUTOS = YES_AGGRESSIVE;
				GCC_WARN_UNUSED_FUNCTION = YES;
				GCC_WARN_UNUSED_VARIABLE = YES;
				IPHONEOS_DEPLOYMENT_TARGET = 14.5;
				MTL_ENABLE_DEBUG_INFO = INCLUDE_SOURCE;
				MTL_FAST_MATH = YES;
				ONLY_ACTIVE_ARCH = YES;
				SDKROOT = iphoneos;
				SWIFT_ACTIVE_COMPILATION_CONDITIONS = DEBUG;
				SWIFT_OPTIMIZATION_LEVEL = "-Onone";
			};
			name = Debug;
		};
		AF887D7226837B1200C9CC0A /* Release */ = {
			isa = XCBuildConfiguration;
			buildSettings = {
				ALWAYS_SEARCH_USER_PATHS = NO;
				CLANG_ANALYZER_NONNULL = YES;
				CLANG_ANALYZER_NUMBER_OBJECT_CONVERSION = YES_AGGRESSIVE;
				CLANG_CXX_LANGUAGE_STANDARD = "gnu++14";
				CLANG_CXX_LIBRARY = "libc++";
				CLANG_ENABLE_MODULES = YES;
				CLANG_ENABLE_OBJC_ARC = YES;
				CLANG_ENABLE_OBJC_WEAK = YES;
				CLANG_WARN_BLOCK_CAPTURE_AUTORELEASING = YES;
				CLANG_WARN_BOOL_CONVERSION = YES;
				CLANG_WARN_COMMA = YES;
				CLANG_WARN_CONSTANT_CONVERSION = YES;
				CLANG_WARN_DEPRECATED_OBJC_IMPLEMENTATIONS = YES;
				CLANG_WARN_DIRECT_OBJC_ISA_USAGE = YES_ERROR;
				CLANG_WARN_DOCUMENTATION_COMMENTS = YES;
				CLANG_WARN_EMPTY_BODY = YES;
				CLANG_WARN_ENUM_CONVERSION = YES;
				CLANG_WARN_INFINITE_RECURSION = YES;
				CLANG_WARN_INT_CONVERSION = YES;
				CLANG_WARN_NON_LITERAL_NULL_CONVERSION = YES;
				CLANG_WARN_OBJC_IMPLICIT_RETAIN_SELF = YES;
				CLANG_WARN_OBJC_LITERAL_CONVERSION = YES;
				CLANG_WARN_OBJC_ROOT_CLASS = YES_ERROR;
				CLANG_WARN_QUOTED_INCLUDE_IN_FRAMEWORK_HEADER = YES;
				CLANG_WARN_RANGE_LOOP_ANALYSIS = YES;
				CLANG_WARN_STRICT_PROTOTYPES = YES;
				CLANG_WARN_SUSPICIOUS_MOVE = YES;
				CLANG_WARN_UNGUARDED_AVAILABILITY = YES_AGGRESSIVE;
				CLANG_WARN_UNREACHABLE_CODE = YES;
				CLANG_WARN__DUPLICATE_METHOD_MATCH = YES;
				COPY_PHASE_STRIP = NO;
				DEBUG_INFORMATION_FORMAT = "dwarf-with-dsym";
				ENABLE_NS_ASSERTIONS = NO;
				ENABLE_STRICT_OBJC_MSGSEND = YES;
				GCC_C_LANGUAGE_STANDARD = gnu11;
				GCC_NO_COMMON_BLOCKS = YES;
				GCC_WARN_64_TO_32_BIT_CONVERSION = YES;
				GCC_WARN_ABOUT_RETURN_TYPE = YES_ERROR;
				GCC_WARN_UNDECLARED_SELECTOR = YES;
				GCC_WARN_UNINITIALIZED_AUTOS = YES_AGGRESSIVE;
				GCC_WARN_UNUSED_FUNCTION = YES;
				GCC_WARN_UNUSED_VARIABLE = YES;
				IPHONEOS_DEPLOYMENT_TARGET = 14.5;
				MTL_ENABLE_DEBUG_INFO = NO;
				MTL_FAST_MATH = YES;
				SDKROOT = iphoneos;
				SWIFT_COMPILATION_MODE = wholemodule;
				SWIFT_OPTIMIZATION_LEVEL = "-O";
				VALIDATE_PRODUCT = YES;
			};
			name = Release;
		};
		AF887D7426837B1200C9CC0A /* Debug */ = {
			isa = XCBuildConfiguration;
			buildSettings = {
				ASSETCATALOG_COMPILER_APPICON_NAME = AppIcon;
				ASSETCATALOG_COMPILER_GLOBAL_ACCENT_COLOR_NAME = AccentColor;
				CODE_SIGN_STYLE = Automatic;
				DEVELOPMENT_TEAM = T373QFGJQA;
				INFOPLIST_FILE = MLChallenge/Info.plist;
				LD_RUNPATH_SEARCH_PATHS = (
					"$(inherited)",
					"@executable_path/Frameworks",
				);
				PRODUCT_BUNDLE_IDENTIFIER = com.lidiane.MLChallenge;
				PRODUCT_NAME = "$(TARGET_NAME)";
				SWIFT_VERSION = 5.0;
				TARGETED_DEVICE_FAMILY = "1,2";
			};
			name = Debug;
		};
		AF887D7526837B1200C9CC0A /* Release */ = {
			isa = XCBuildConfiguration;
			buildSettings = {
				ASSETCATALOG_COMPILER_APPICON_NAME = AppIcon;
				ASSETCATALOG_COMPILER_GLOBAL_ACCENT_COLOR_NAME = AccentColor;
				CODE_SIGN_STYLE = Automatic;
				DEVELOPMENT_TEAM = T373QFGJQA;
				INFOPLIST_FILE = MLChallenge/Info.plist;
				LD_RUNPATH_SEARCH_PATHS = (
					"$(inherited)",
					"@executable_path/Frameworks",
				);
				PRODUCT_BUNDLE_IDENTIFIER = com.lidiane.MLChallenge;
				PRODUCT_NAME = "$(TARGET_NAME)";
				SWIFT_VERSION = 5.0;
				TARGETED_DEVICE_FAMILY = "1,2";
			};
			name = Release;
		};
/* End XCBuildConfiguration section */

/* Begin XCConfigurationList section */
		AF887D5A26837B1000C9CC0A /* Build configuration list for PBXProject "MLChallenge" */ = {
			isa = XCConfigurationList;
			buildConfigurations = (
				AF887D7126837B1200C9CC0A /* Debug */,
				AF887D7226837B1200C9CC0A /* Release */,
			);
			defaultConfigurationIsVisible = 0;
			defaultConfigurationName = Release;
		};
		AF887D7326837B1200C9CC0A /* Build configuration list for PBXNativeTarget "MLChallenge" */ = {
			isa = XCConfigurationList;
			buildConfigurations = (
				AF887D7426837B1200C9CC0A /* Debug */,
				AF887D7526837B1200C9CC0A /* Release */,
			);
			defaultConfigurationIsVisible = 0;
			defaultConfigurationName = Release;
		};
/* End XCConfigurationList section */
	};
	rootObject = AF887D5726837B1000C9CC0A /* Project object */;
}
